
Microsoft Visual Studio Solution File, Format Version 12.00
# Visual Studio Version 16
VisualStudioVersion = 16.0.31410.357
MinimumVisualStudioVersion = 10.0.40219.1
Project("{FAE04EC0-301F-11D3-BF4B-00C04F79EFBC}") = "ExercisePrototype", "ExercisePrototype.csproj", "{73269725-6A56-491B-83A8-A1D356A68291}"
EndProject
Global
	GlobalSection(SolutionConfigurationPlatforms) = preSolution
		Debug|Any CPU = Debug|Any CPU
		Release|Any CPU = Release|Any CPU
	EndGlobalSection
	GlobalSection(ProjectConfigurationPlatforms) = postSolution
		{73269725-6A56-491B-83A8-A1D356A68291}.Debug|Any CPU.ActiveCfg = Debug|Any CPU
		{73269725-6A56-491B-83A8-A1D356A68291}.Debug|Any CPU.Build.0 = Debug|Any CPU
		{73269725-6A56-491B-83A8-A1D356A68291}.Release|Any CPU.ActiveCfg = Release|Any CPU
		{73269725-6A56-491B-83A8-A1D356A68291}.Release|Any CPU.Build.0 = Release|Any CPU
	EndGlobalSection
	GlobalSection(SolutionProperties) = preSolution
		HideSolutionNode = FALSE
	EndGlobalSection
	GlobalSection(ExtensibilityGlobals) = postSolution
		SolutionGuid = {B8DE4BF1-4E22-4B85-BA37-E6C872E8D063}
	EndGlobalSection
EndGlobal
